{
  "name": "charmsnpm",
  "version": "1.0.0",
  "lockfileVersion": 3,
  "requires": true,
  "packages": {
    "": {
      "name": "charmsnpm",
      "version": "1.0.0",
      "license": "ISC",
      "dependencies": {
        "charsm": "^0.1.2"
      }
    },
    "node_modules/charsm": {
      "version": "0.1.2",
      "resolved": "https://registry.npmjs.org/charsm/-/charsm-0.1.2.tgz",
      "integrity": "sha512-nwX0z+TEoARkvtwH5d+DeLTuX4dDdJD7/O8K83lPTCB8CMS7DNH78dYHp4OOzPd+G1/lry3S2t/4P+8fM5771A=="
    }
  }
}
